// !$*UTF8*$!
{
	archiveVersion = 1;
	classes = {
	};
	objectVersion = 56;
	objects = {

/* Begin PBXBuildFile section */
		5A66B4132C8848F700A00E1D /* LinkworldApp.swift in Sources */ = {isa = PBXBuildFile; fileRef = 5A66B4122C8848F700A00E1D /* LinkworldApp.swift */; };
		5A66B4152C8848F700A00E1D /* ContentView.swift in Sources */ = {isa = PBXBuildFile; fileRef = 5A66B4142C8848F700A00E1D /* ContentView.swift */; };
		5A66B4172C8848F800A00E1D /* Assets.xcassets in Resources */ = {isa = PBXBuildFile; fileRef = 5A66B4162C8848F800A00E1D /* Assets.xcassets */; };
		5A66B41A2C8848F800A00E1D /* Preview Assets.xcassets in Resources */ = {isa = PBXBuildFile; fileRef = 5A66B4192C8848F800A00E1D /* Preview Assets.xcassets */; };
		5A66B4242C8848F800A00E1D /* LinkworldTests.swift in Sources */ = {isa = PBXBuildFile; fileRef = 5A66B4232C8848F800A00E1D /* LinkworldTests.swift */; };
		5A66B42E2C8848F800A00E1D /* LinkworldUITests.swift in Sources */ = {isa = PBXBuildFile; fileRef = 5A66B42D2C8848F800A00E1D /* LinkworldUITests.swift */; };
		5A66B4302C8848F800A00E1D /* LinkworldUITestsLaunchTests.swift in Sources */ = {isa = PBXBuildFile; fileRef = 5A66B42F2C8848F800A00E1D /* LinkworldUITestsLaunchTests.swift */; };
		5A66B43D2C88543000A00E1D /* Model.swift in Sources */ = {isa = PBXBuildFile; fileRef = 5A66B43C2C88543000A00E1D /* Model.swift */; };
		5A66B43F2C8856E800A00E1D /* NewView.swift in Sources */ = {isa = PBXBuildFile; fileRef = 5A66B43E2C8856E800A00E1D /* NewView.swift */; };
		5A68D9D32C894504005B611B /* HomePageView.swift in Sources */ = {isa = PBXBuildFile; fileRef = 5A68D9D22C894504005B611B /* HomePageView.swift */; };
		5A68D9D82C895788005B611B /* ViewModel.swift in Sources */ = {isa = PBXBuildFile; fileRef = 5A68D9D72C895788005B611B /* ViewModel.swift */; };
		5AC21BFC2C8990B000ED7166 /* TitleInputView.swift in Sources */ = {isa = PBXBuildFile; fileRef = 5AC21BFB2C8990B000ED7166 /* TitleInputView.swift */; };
		5AC21BFE2C8990CE00ED7166 /* PlatformPicker.swift in Sources */ = {isa = PBXBuildFile; fileRef = 5AC21BFD2C8990CE00ED7166 /* PlatformPicker.swift */; };
		5AC21C002C8990DE00ED7166 /* IndexURLView.swift in Sources */ = {isa = PBXBuildFile; fileRef = 5AC21BFF2C8990DE00ED7166 /* IndexURLView.swift */; };
		5AC21C022C89A1A700ED7166 /* EditView.swift in Sources */ = {isa = PBXBuildFile; fileRef = 5AC21C012C89A1A700ED7166 /* EditView.swift */; };
/* End PBXBuildFile section */

/* Begin PBXContainerItemProxy section */
		5A66B4202C8848F800A00E1D /* PBXContainerItemProxy */ = {
			isa = PBXContainerItemProxy;
			containerPortal = 5A66B4072C8848F700A00E1D /* Project object */;
			proxyType = 1;
			remoteGlobalIDString = 5A66B40E2C8848F700A00E1D;
			remoteInfo = Linkworld;
		};
		5A66B42A2C8848F800A00E1D /* PBXContainerItemProxy */ = {
			isa = PBXContainerItemProxy;
			containerPortal = 5A66B4072C8848F700A00E1D /* Project object */;
			proxyType = 1;
			remoteGlobalIDString = 5A66B40E2C8848F700A00E1D;
			remoteInfo = Linkworld;
		};
/* End PBXContainerItemProxy section */

/* Begin PBXFileReference section */
		5A66B40F2C8848F700A00E1D /* Linkworld.app */ = {isa = PBXFileReference; explicitFileType = wrapper.application; includeInIndex = 0; path = Linkworld.app; sourceTree = BUILT_PRODUCTS_DIR; };
		5A66B4122C8848F700A00E1D /* LinkworldApp.swift */ = {isa = PBXFileReference; lastKnownFileType = sourcecode.swift; path = LinkworldApp.swift; sourceTree = "<group>"; };
		5A66B4142C8848F700A00E1D /* ContentView.swift */ = {isa = PBXFileReference; lastKnownFileType = sourcecode.swift; path = ContentView.swift; sourceTree = "<group>"; };
		5A66B4162C8848F800A00E1D /* Assets.xcassets */ = {isa = PBXFileReference; lastKnownFileType = folder.assetcatalog; path = Assets.xcassets; sourceTree = "<group>"; };
		5A66B4192C8848F800A00E1D /* Preview Assets.xcassets */ = {isa = PBXFileReference; lastKnownFileType = folder.assetcatalog; path = "Preview Assets.xcassets"; sourceTree = "<group>"; };
		5A66B41F2C8848F800A00E1D /* LinkworldTests.xctest */ = {isa = PBXFileReference; explicitFileType = wrapper.cfbundle; includeInIndex = 0; path = LinkworldTests.xctest; sourceTree = BUILT_PRODUCTS_DIR; };
		5A66B4232C8848F800A00E1D /* LinkworldTests.swift */ = {isa = PBXFileReference; lastKnownFileType = sourcecode.swift; path = LinkworldTests.swift; sourceTree = "<group>"; };
		5A66B4292C8848F800A00E1D /* LinkworldUITests.xctest */ = {isa = PBXFileReference; explicitFileType = wrapper.cfbundle; includeInIndex = 0; path = LinkworldUITests.xctest; sourceTree = BUILT_PRODUCTS_DIR; };
		5A66B42D2C8848F800A00E1D /* LinkworldUITests.swift */ = {isa = PBXFileReference; lastKnownFileType = sourcecode.swift; path = LinkworldUITests.swift; sourceTree = "<group>"; };
		5A66B42F2C8848F800A00E1D /* LinkworldUITestsLaunchTests.swift */ = {isa = PBXFileReference; lastKnownFileType = sourcecode.swift; path = LinkworldUITestsLaunchTests.swift; sourceTree = "<group>"; };
		5A66B43C2C88543000A00E1D /* Model.swift */ = {isa = PBXFileReference; lastKnownFileType = sourcecode.swift; path = Model.swift; sourceTree = "<group>"; };
		5A66B43E2C8856E800A00E1D /* NewView.swift */ = {isa = PBXFileReference; lastKnownFileType = sourcecode.swift; path = NewView.swift; sourceTree = "<group>"; };
		5A68D9D22C894504005B611B /* HomePageView.swift */ = {isa = PBXFileReference; lastKnownFileType = sourcecode.swift; path = HomePageView.swift; sourceTree = "<group>"; };
		5A68D9D72C895788005B611B /* ViewModel.swift */ = {isa = PBXFileReference; lastKnownFileType = sourcecode.swift; path = ViewModel.swift; sourceTree = "<group>"; };
		5AC21BFB2C8990B000ED7166 /* TitleInputView.swift */ = {isa = PBXFileReference; lastKnownFileType = sourcecode.swift; path = TitleInputView.swift; sourceTree = "<group>"; };
		5AC21BFD2C8990CE00ED7166 /* PlatformPicker.swift */ = {isa = PBXFileReference; lastKnownFileType = sourcecode.swift; path = PlatformPicker.swift; sourceTree = "<group>"; };
		5AC21BFF2C8990DE00ED7166 /* IndexURLView.swift */ = {isa = PBXFileReference; lastKnownFileType = sourcecode.swift; path = IndexURLView.swift; sourceTree = "<group>"; };
		5AC21C012C89A1A700ED7166 /* EditView.swift */ = {isa = PBXFileReference; lastKnownFileType = sourcecode.swift; path = EditView.swift; sourceTree = "<group>"; };
/* End PBXFileReference section */

/* Begin PBXFrameworksBuildPhase section */
		5A66B40C2C8848F700A00E1D /* Frameworks */ = {
			isa = PBXFrameworksBuildPhase;
			buildActionMask = 2147483647;
			files = (
			);
			runOnlyForDeploymentPostprocessing = 0;
		};
		5A66B41C2C8848F800A00E1D /* Frameworks */ = {
			isa = PBXFrameworksBuildPhase;
			buildActionMask = 2147483647;
			files = (
			);
			runOnlyForDeploymentPostprocessing = 0;
		};
		5A66B4262C8848F800A00E1D /* Frameworks */ = {
			isa = PBXFrameworksBuildPhase;
			buildActionMask = 2147483647;
			files = (
			);
			runOnlyForDeploymentPostprocessing = 0;
		};
/* End PBXFrameworksBuildPhase section */

/* Begin PBXGroup section */
		5A66B4062C8848F700A00E1D = {
			isa = PBXGroup;
			children = (
				5A66B4112C8848F700A00E1D /* Linkworld */,
				5A66B4222C8848F800A00E1D /* LinkworldTests */,
				5A66B42C2C8848F800A00E1D /* LinkworldUITests */,
				5A66B4102C8848F700A00E1D /* Products */,
			);
			sourceTree = "<group>";
		};
		5A66B4102C8848F700A00E1D /* Products */ = {
			isa = PBXGroup;
			children = (
				5A66B40F2C8848F700A00E1D /* Linkworld.app */,
				5A66B41F2C8848F800A00E1D /* LinkworldTests.xctest */,
				5A66B4292C8848F800A00E1D /* LinkworldUITests.xctest */,
			);
			name = Products;
			sourceTree = "<group>";
		};
		5A66B4112C8848F700A00E1D /* Linkworld */ = {
			isa = PBXGroup;
			children = (
				5A66B4122C8848F700A00E1D /* LinkworldApp.swift */,
				5A68D9D42C895746005B611B /* Model */,
				5A68D9D52C895752005B611B /* View */,
				5A68D9D62C89576C005B611B /* ViewModel */,
				5AC21BFA2C89905B00ED7166 /* Artifacts */,
				5A66B4162C8848F800A00E1D /* Assets.xcassets */,
				5A66B4182C8848F800A00E1D /* Preview Content */,
			);
			path = Linkworld;
			sourceTree = "<group>";
		};
		5A66B4182C8848F800A00E1D /* Preview Content */ = {
			isa = PBXGroup;
			children = (
				5A66B4192C8848F800A00E1D /* Preview Assets.xcassets */,
			);
			path = "Preview Content";
			sourceTree = "<group>";
		};
		5A66B4222C8848F800A00E1D /* LinkworldTests */ = {
			isa = PBXGroup;
			children = (
				5A66B4232C8848F800A00E1D /* LinkworldTests.swift */,
			);
			path = LinkworldTests;
			sourceTree = "<group>";
		};
		5A66B42C2C8848F800A00E1D /* LinkworldUITests */ = {
			isa = PBXGroup;
			children = (
				5A66B42D2C8848F800A00E1D /* LinkworldUITests.swift */,
				5A66B42F2C8848F800A00E1D /* LinkworldUITestsLaunchTests.swift */,
			);
			path = LinkworldUITests;
			sourceTree = "<group>";
		};
		5A68D9D42C895746005B611B /* Model */ = {
			isa = PBXGroup;
			children = (
				5A66B43C2C88543000A00E1D /* Model.swift */,
			);
			path = Model;
			sourceTree = "<group>";
		};
		5A68D9D52C895752005B611B /* View */ = {
			isa = PBXGroup;
			children = (
				5A66B4142C8848F700A00E1D /* ContentView.swift */,
				5A68D9D22C894504005B611B /* HomePageView.swift */,
				5A66B43E2C8856E800A00E1D /* NewView.swift */,
				5AC21C012C89A1A700ED7166 /* EditView.swift */,
			);
			path = View;
			sourceTree = "<group>";
		};
		5A68D9D62C89576C005B611B /* ViewModel */ = {
			isa = PBXGroup;
			children = (
				5A68D9D72C895788005B611B /* ViewModel.swift */,
			);
			path = ViewModel;
			sourceTree = "<group>";
		};
		5AC21BFA2C89905B00ED7166 /* Artifacts */ = {
			isa = PBXGroup;
			children = (
				5AC21BFB2C8990B000ED7166 /* TitleInputView.swift */,
				5AC21BFD2C8990CE00ED7166 /* PlatformPicker.swift */,
				5AC21BFF2C8990DE00ED7166 /* IndexURLView.swift */,
			);
			path = Artifacts;
			sourceTree = "<group>";
		};
/* End PBXGroup section */

/* Begin PBXNativeTarget section */
		5A66B40E2C8848F700A00E1D /* Linkworld */ = {
			isa = PBXNativeTarget;
			buildConfigurationList = 5A66B4332C8848F800A00E1D /* Build configuration list for PBXNativeTarget "Linkworld" */;
			buildPhases = (
				5A66B40B2C8848F700A00E1D /* Sources */,
				5A66B40C2C8848F700A00E1D /* Frameworks */,
				5A66B40D2C8848F700A00E1D /* Resources */,
			);
			buildRules = (
			);
			dependencies = (
			);
			name = Linkworld;
			productName = Linkworld;
			productReference = 5A66B40F2C8848F700A00E1D /* Linkworld.app */;
			productType = "com.apple.product-type.application";
		};
		5A66B41E2C8848F800A00E1D /* LinkworldTests */ = {
			isa = PBXNativeTarget;
			buildConfigurationList = 5A66B4362C8848F800A00E1D /* Build configuration list for PBXNativeTarget "LinkworldTests" */;
			buildPhases = (
				5A66B41B2C8848F800A00E1D /* Sources */,
				5A66B41C2C8848F800A00E1D /* Frameworks */,
				5A66B41D2C8848F800A00E1D /* Resources */,
			);
			buildRules = (
			);
			dependencies = (
				5A66B4212C8848F800A00E1D /* PBXTargetDependency */,
			);
			name = LinkworldTests;
			productName = LinkworldTests;
			productReference = 5A66B41F2C8848F800A00E1D /* LinkworldTests.xctest */;
			productType = "com.apple.product-type.bundle.unit-test";
		};
		5A66B4282C8848F800A00E1D /* LinkworldUITests */ = {
			isa = PBXNativeTarget;
			buildConfigurationList = 5A66B4392C8848F800A00E1D /* Build configuration list for PBXNativeTarget "LinkworldUITests" */;
			buildPhases = (
				5A66B4252C8848F800A00E1D /* Sources */,
				5A66B4262C8848F800A00E1D /* Frameworks */,
				5A66B4272C8848F800A00E1D /* Resources */,
			);
			buildRules = (
			);
			dependencies = (
				5A66B42B2C8848F800A00E1D /* PBXTargetDependency */,
			);
			name = LinkworldUITests;
			productName = LinkworldUITests;
			productReference = 5A66B4292C8848F800A00E1D /* LinkworldUITests.xctest */;
			productType = "com.apple.product-type.bundle.ui-testing";
		};
/* End PBXNativeTarget section */

/* Begin PBXProject section */
		5A66B4072C8848F700A00E1D /* Project object */ = {
			isa = PBXProject;
			attributes = {
				BuildIndependentTargetsInParallel = 1;
				LastSwiftUpdateCheck = 1540;
				LastUpgradeCheck = 1540;
				TargetAttributes = {
					5A66B40E2C8848F700A00E1D = {
						CreatedOnToolsVersion = 15.4;
					};
					5A66B41E2C8848F800A00E1D = {
						CreatedOnToolsVersion = 15.4;
						TestTargetID = 5A66B40E2C8848F700A00E1D;
					};
					5A66B4282C8848F800A00E1D = {
						CreatedOnToolsVersion = 15.4;
						TestTargetID = 5A66B40E2C8848F700A00E1D;
					};
				};
			};
			buildConfigurationList = 5A66B40A2C8848F700A00E1D /* Build configuration list for PBXProject "Linkworld" */;
			compatibilityVersion = "Xcode 14.0";
			developmentRegion = en;
			hasScannedForEncodings = 0;
			knownRegions = (
				en,
				Base,
			);
			mainGroup = 5A66B4062C8848F700A00E1D;
			productRefGroup = 5A66B4102C8848F700A00E1D /* Products */;
			projectDirPath = "";
			projectRoot = "";
			targets = (
				5A66B40E2C8848F700A00E1D /* Linkworld */,
				5A66B41E2C8848F800A00E1D /* LinkworldTests */,
				5A66B4282C8848F800A00E1D /* LinkworldUITests */,
			);
		};
/* End PBXProject section */

/* Begin PBXResourcesBuildPhase section */
		5A66B40D2C8848F700A00E1D /* Resources */ = {
			isa = PBXResourcesBuildPhase;
			buildActionMask = 2147483647;
			files = (
				5A66B41A2C8848F800A00E1D /* Preview Assets.xcassets in Resources */,
				5A66B4172C8848F800A00E1D /* Assets.xcassets in Resources */,
			);
			runOnlyForDeploymentPostprocessing = 0;
		};
		5A66B41D2C8848F800A00E1D /* Resources */ = {
			isa = PBXResourcesBuildPhase;
			buildActionMask = 2147483647;
			files = (
			);
			runOnlyForDeploymentPostprocessing = 0;
		};
		5A66B4272C8848F800A00E1D /* Resources */ = {
			isa = PBXResourcesBuildPhase;
			buildActionMask = 2147483647;
			files = (
			);
			runOnlyForDeploymentPostprocessing = 0;
		};
/* End PBXResourcesBuildPhase section */

/* Begin PBXSourcesBuildPhase section */
		5A66B40B2C8848F700A00E1D /* Sources */ = {
			isa = PBXSourcesBuildPhase;
			buildActionMask = 2147483647;
			files = (
				5A66B43D2C88543000A00E1D /* Model.swift in Sources */,
				5AC21C002C8990DE00ED7166 /* IndexURLView.swift in Sources */,
				5A66B43F2C8856E800A00E1D /* NewView.swift in Sources */,
				5AC21BFE2C8990CE00ED7166 /* PlatformPicker.swift in Sources */,
				5A66B4152C8848F700A00E1D /* ContentView.swift in Sources */,
				5AC21BFC2C8990B000ED7166 /* TitleInputView.swift in Sources */,
				5AC21C022C89A1A700ED7166 /* EditView.swift in Sources */,
				5A66B4132C8848F700A00E1D /* LinkworldApp.swift in Sources */,
				5A68D9D82C895788005B611B /* ViewModel.swift in Sources */,
				5A68D9D32C894504005B611B /* HomePageView.swift in Sources */,
			);
			runOnlyForDeploymentPostprocessing = 0;
		};
		5A66B41B2C8848F800A00E1D /* Sources */ = {
			isa = PBXSourcesBuildPhase;
			buildActionMask = 2147483647;
			files = (
				5A66B4242C8848F800A00E1D /* LinkworldTests.swift in Sources */,
			);
			runOnlyForDeploymentPostprocessing = 0;
		};
		5A66B4252C8848F800A00E1D /* Sources */ = {
			isa = PBXSourcesBuildPhase;
			buildActionMask = 2147483647;
			files = (
				5A66B42E2C8848F800A00E1D /* LinkworldUITests.swift in Sources */,
				5A66B4302C8848F800A00E1D /* LinkworldUITestsLaunchTests.swift in Sources */,
			);
			runOnlyForDeploymentPostprocessing = 0;
		};
/* End PBXSourcesBuildPhase section */

/* Begin PBXTargetDependency section */
		5A66B4212C8848F800A00E1D /* PBXTargetDependency */ = {
			isa = PBXTargetDependency;
			target = 5A66B40E2C8848F700A00E1D /* Linkworld */;
			targetProxy = 5A66B4202C8848F800A00E1D /* PBXContainerItemProxy */;
		};
		5A66B42B2C8848F800A00E1D /* PBXTargetDependency */ = {
			isa = PBXTargetDependency;
			target = 5A66B40E2C8848F700A00E1D /* Linkworld */;
			targetProxy = 5A66B42A2C8848F800A00E1D /* PBXContainerItemProxy */;
		};
/* End PBXTargetDependency section */

/* Begin XCBuildConfiguration section */
		5A66B4312C8848F800A00E1D /* Debug */ = {
			isa = XCBuildConfiguration;
			buildSettings = {
				ALWAYS_SEARCH_USER_PATHS = NO;
				ASSETCATALOG_COMPILER_GENERATE_SWIFT_ASSET_SYMBOL_EXTENSIONS = YES;
				CLANG_ANALYZER_NONNULL = YES;
				CLANG_ANALYZER_NUMBER_OBJECT_CONVERSION = YES_AGGRESSIVE;
				CLANG_CXX_LANGUAGE_STANDARD = "gnu++20";
				CLANG_ENABLE_MODULES = YES;
				CLANG_ENABLE_OBJC_ARC = YES;
				CLANG_ENABLE_OBJC_WEAK = YES;
				CLANG_WARN_BLOCK_CAPTURE_AUTORELEASING = YES;
				CLANG_WARN_BOOL_CONVERSION = YES;
				CLANG_WARN_COMMA = YES;
				CLANG_WARN_CONSTANT_CONVERSION = YES;
				CLANG_WARN_DEPRECATED_OBJC_IMPLEMENTATIONS = YES;
				CLANG_WARN_DIRECT_OBJC_ISA_USAGE = YES_ERROR;
				CLANG_WARN_DOCUMENTATION_COMMENTS = YES;
				CLANG_WARN_EMPTY_BODY = YES;
				CLANG_WARN_ENUM_CONVERSION = YES;
				CLANG_WARN_INFINITE_RECURSION = YES;
				CLANG_WARN_INT_CONVERSION = YES;
				CLANG_WARN_NON_LITERAL_NULL_CONVERSION = YES;
				CLANG_WARN_OBJC_IMPLICIT_RETAIN_SELF = YES;
				CLANG_WARN_OBJC_LITERAL_CONVERSION = YES;
				CLANG_WARN_OBJC_ROOT_CLASS = YES_ERROR;
				CLANG_WARN_QUOTED_INCLUDE_IN_FRAMEWORK_HEADER = YES;
				CLANG_WARN_RANGE_LOOP_ANALYSIS = YES;
				CLANG_WARN_STRICT_PROTOTYPES = YES;
				CLANG_WARN_SUSPICIOUS_MOVE = YES;
				CLANG_WARN_UNGUARDED_AVAILABILITY = YES_AGGRESSIVE;
				CLANG_WARN_UNREACHABLE_CODE = YES;
				CLANG_WARN__DUPLICATE_METHOD_MATCH = YES;
				COPY_PHASE_STRIP = NO;
				DEBUG_INFORMATION_FORMAT = dwarf;
				ENABLE_STRICT_OBJC_MSGSEND = YES;
				ENABLE_TESTABILITY = YES;
				ENABLE_USER_SCRIPT_SANDBOXING = YES;
				GCC_C_LANGUAGE_STANDARD = gnu17;
				GCC_DYNAMIC_NO_PIC = NO;
				GCC_NO_COMMON_BLOCKS = YES;
				GCC_OPTIMIZATION_LEVEL = 0;
				GCC_PREPROCESSOR_DEFINITIONS = (
					"DEBUG=1",
					"$(inherited)",
				);
				GCC_WARN_64_TO_32_BIT_CONVERSION = YES;
				GCC_WARN_ABOUT_RETURN_TYPE = YES_ERROR;
				GCC_WARN_UNDECLARED_SELECTOR = YES;
				GCC_WARN_UNINITIALIZED_AUTOS = YES_AGGRESSIVE;
				GCC_WARN_UNUSED_FUNCTION = YES;
				GCC_WARN_UNUSED_VARIABLE = YES;
				IPHONEOS_DEPLOYMENT_TARGET = 17.5;
				LOCALIZATION_PREFERS_STRING_CATALOGS = YES;
				MTL_ENABLE_DEBUG_INFO = INCLUDE_SOURCE;
				MTL_FAST_MATH = YES;
				ONLY_ACTIVE_ARCH = YES;
				SDKROOT = iphoneos;
				SWIFT_ACTIVE_COMPILATION_CONDITIONS = "DEBUG $(inherited)";
				SWIFT_OPTIMIZATION_LEVEL = "-Onone";
			};
			name = Debug;
		};
		5A66B4322C8848F800A00E1D /* Release */ = {
			isa = XCBuildConfiguration;
			buildSettings = {
				ALWAYS_SEARCH_USER_PATHS = NO;
				ASSETCATALOG_COMPILER_GENERATE_SWIFT_ASSET_SYMBOL_EXTENSIONS = YES;
				CLANG_ANALYZER_NONNULL = YES;
				CLANG_ANALYZER_NUMBER_OBJECT_CONVERSION = YES_AGGRESSIVE;
				CLANG_CXX_LANGUAGE_STANDARD = "gnu++20";
				CLANG_ENABLE_MODULES = YES;
				CLANG_ENABLE_OBJC_ARC = YES;
				CLANG_ENABLE_OBJC_WEAK = YES;
				CLANG_WARN_BLOCK_CAPTURE_AUTORELEASING = YES;
				CLANG_WARN_BOOL_CONVERSION = YES;
				CLANG_WARN_COMMA = YES;
				CLANG_WARN_CONSTANT_CONVERSION = YES;
				CLANG_WARN_DEPRECATED_OBJC_IMPLEMENTATIONS = YES;
				CLANG_WARN_DIRECT_OBJC_ISA_USAGE = YES_ERROR;
				CLANG_WARN_DOCUMENTATION_COMMENTS = YES;
				CLANG_WARN_EMPTY_BODY = YES;
				CLANG_WARN_ENUM_CONVERSION = YES;
				CLANG_WARN_INFINITE_RECURSION = YES;
				CLANG_WARN_INT_CONVERSION = YES;
				CLANG_WARN_NON_LITERAL_NULL_CONVERSION = YES;
				CLANG_WARN_OBJC_IMPLICIT_RETAIN_SELF = YES;
				CLANG_WARN_OBJC_LITERAL_CONVERSION = YES;
				CLANG_WARN_OBJC_ROOT_CLASS = YES_ERROR;
				CLANG_WARN_QUOTED_INCLUDE_IN_FRAMEWORK_HEADER = YES;
				CLANG_WARN_RANGE_LOOP_ANALYSIS = YES;
				CLANG_WARN_STRICT_PROTOTYPES = YES;
				CLANG_WARN_SUSPICIOUS_MOVE = YES;
				CLANG_WARN_UNGUARDED_AVAILABILITY = YES_AGGRESSIVE;
				CLANG_WARN_UNREACHABLE_CODE = YES;
				CLANG_WARN__DUPLICATE_METHOD_MATCH = YES;
				COPY_PHASE_STRIP = NO;
				DEBUG_INFORMATION_FORMAT = "dwarf-with-dsym";
				ENABLE_NS_ASSERTIONS = NO;
				ENABLE_STRICT_OBJC_MSGSEND = YES;
				ENABLE_USER_SCRIPT_SANDBOXING = YES;
				GCC_C_LANGUAGE_STANDARD = gnu17;
				GCC_NO_COMMON_BLOCKS = YES;
				GCC_WARN_64_TO_32_BIT_CONVERSION = YES;
				GCC_WARN_ABOUT_RETURN_TYPE = YES_ERROR;
				GCC_WARN_UNDECLARED_SELECTOR = YES;
				GCC_WARN_UNINITIALIZED_AUTOS = YES_AGGRESSIVE;
				GCC_WARN_UNUSED_FUNCTION = YES;
				GCC_WARN_UNUSED_VARIABLE = YES;
				IPHONEOS_DEPLOYMENT_TARGET = 17.5;
				LOCALIZATION_PREFERS_STRING_CATALOGS = YES;
				MTL_ENABLE_DEBUG_INFO = NO;
				MTL_FAST_MATH = YES;
				SDKROOT = iphoneos;
				SWIFT_COMPILATION_MODE = wholemodule;
				VALIDATE_PRODUCT = YES;
			};
			name = Release;
		};
		5A66B4342C8848F800A00E1D /* Debug */ = {
			isa = XCBuildConfiguration;
			buildSettings = {
				ASSETCATALOG_COMPILER_APPICON_NAME = AppIcon;
				ASSETCATALOG_COMPILER_GLOBAL_ACCENT_COLOR_NAME = AccentColor;
				CODE_SIGN_STYLE = Automatic;
				CURRENT_PROJECT_VERSION = 1;
				DEVELOPMENT_ASSET_PATHS = "\"Linkworld/Preview Content\"";
				DEVELOPMENT_TEAM = 9N4G98DW98;
				ENABLE_PREVIEWS = YES;
				GENERATE_INFOPLIST_FILE = YES;
				INFOPLIST_KEY_UIApplicationSceneManifest_Generation = YES;
				INFOPLIST_KEY_UIApplicationSupportsIndirectInputEvents = YES;
				INFOPLIST_KEY_UILaunchScreen_Generation = YES;
				INFOPLIST_KEY_UISupportedInterfaceOrientations_iPad = "UIInterfaceOrientationPortrait UIInterfaceOrientationPortraitUpsideDown UIInterfaceOrientationLandscapeLeft UIInterfaceOrientationLandscapeRight";
				INFOPLIST_KEY_UISupportedInterfaceOrientations_iPhone = "UIInterfaceOrientationPortrait UIInterfaceOrientationLandscapeLeft UIInterfaceOrientationLandscapeRight";
				LD_RUNPATH_SEARCH_PATHS = (
					"$(inherited)",
					"@executable_path/Frameworks",
				);
				MARKETING_VERSION = 1.0;
				PRODUCT_BUNDLE_IDENTIFIER = com.zhizhangyi.Linkworld;
				PRODUCT_NAME = "$(TARGET_NAME)";
				SWIFT_EMIT_LOC_STRINGS = YES;
				SWIFT_VERSION = 5.0;
				TARGETED_DEVICE_FAMILY = "1,2";
			};
			name = Debug;
		};
		5A66B4352C8848F800A00E1D /* Release */ = {
			isa = XCBuildConfiguration;
			buildSettings = {
				ASSETCATALOG_COMPILER_APPICON_NAME = AppIcon;
				ASSETCATALOG_COMPILER_GLOBAL_ACCENT_COLOR_NAME = AccentColor;
				CODE_SIGN_STYLE = Automatic;
				CURRENT_PROJECT_VERSION = 1;
				DEVELOPMENT_ASSET_PATHS = "\"Linkworld/Preview Content\"";
				DEVELOPMENT_TEAM = 9N4G98DW98;
				ENABLE_PREVIEWS = YES;
				GENERATE_INFOPLIST_FILE = YES;
				INFOPLIST_KEY_UIApplicationSceneManifest_Generation = YES;
				INFOPLIST_KEY_UIApplicationSupportsIndirectInputEvents = YES;
				INFOPLIST_KEY_UILaunchScreen_Generation = YES;
				INFOPLIST_KEY_UISupportedInterfaceOrientations_iPad = "UIInterfaceOrientationPortrait UIInterfaceOrientationPortraitUpsideDown UIInterfaceOrientationLandscapeLeft UIInterfaceOrientationLandscapeRight";
				INFOPLIST_KEY_UISupportedInterfaceOrientations_iPhone = "UIInterfaceOrientationPortrait UIInterfaceOrientationLandscapeLeft UIInterfaceOrientationLandscapeRight";
				LD_RUNPATH_SEARCH_PATHS = (
					"$(inherited)",
					"@executable_path/Frameworks",
				);
				MARKETING_VERSION = 1.0;
				PRODUCT_BUNDLE_IDENTIFIER = com.zhizhangyi.Linkworld;
				PRODUCT_NAME = "$(TARGET_NAME)";
				SWIFT_EMIT_LOC_STRINGS = YES;
				SWIFT_VERSION = 5.0;
				TARGETED_DEVICE_FAMILY = "1,2";
			};
			name = Release;
		};
		5A66B4372C8848F800A00E1D /* Debug */ = {
			isa = XCBuildConfiguration;
			buildSettings = {
				ALWAYS_EMBED_SWIFT_STANDARD_LIBRARIES = YES;
				BUNDLE_LOADER = "$(TEST_HOST)";
				CODE_SIGN_STYLE = Automatic;
				CURRENT_PROJECT_VERSION = 1;
				DEVELOPMENT_TEAM = 9N4G98DW98;
				GENERATE_INFOPLIST_FILE = YES;
				IPHONEOS_DEPLOYMENT_TARGET = 17.5;
				MARKETING_VERSION = 1.0;
				PRODUCT_BUNDLE_IDENTIFIER = com.zhizhangyi.LinkworldTests;
				PRODUCT_NAME = "$(TARGET_NAME)";
				SWIFT_EMIT_LOC_STRINGS = NO;
				SWIFT_VERSION = 5.0;
				TARGETED_DEVICE_FAMILY = "1,2";
				TEST_HOST = "$(BUILT_PRODUCTS_DIR)/Linkworld.app/$(BUNDLE_EXECUTABLE_FOLDER_PATH)/Linkworld";
			};
			name = Debug;
		};
		5A66B4382C8848F800A00E1D /* Release */ = {
			isa = XCBuildConfiguration;
			buildSettings = {
				ALWAYS_EMBED_SWIFT_STANDARD_LIBRARIES = YES;
				BUNDLE_LOADER = "$(TEST_HOST)";
				CODE_SIGN_STYLE = Automatic;
				CURRENT_PROJECT_VERSION = 1;
				DEVELOPMENT_TEAM = 9N4G98DW98;
				GENERATE_INFOPLIST_FILE = YES;
				IPHONEOS_DEPLOYMENT_TARGET = 17.5;
				MARKETING_VERSION = 1.0;
				PRODUCT_BUNDLE_IDENTIFIER = com.zhizhangyi.LinkworldTests;
				PRODUCT_NAME = "$(TARGET_NAME)";
				SWIFT_EMIT_LOC_STRINGS = NO;
				SWIFT_VERSION = 5.0;
				TARGETED_DEVICE_FAMILY = "1,2";
				TEST_HOST = "$(BUILT_PRODUCTS_DIR)/Linkworld.app/$(BUNDLE_EXECUTABLE_FOLDER_PATH)/Linkworld";
			};
			name = Release;
		};
		5A66B43A2C8848F800A00E1D /* Debug */ = {
			isa = XCBuildConfiguration;
			buildSettings = {
				ALWAYS_EMBED_SWIFT_STANDARD_LIBRARIES = YES;
				CODE_SIGN_STYLE = Automatic;
				CURRENT_PROJECT_VERSION = 1;
				DEVELOPMENT_TEAM = 9N4G98DW98;
				GENERATE_INFOPLIST_FILE = YES;
				MARKETING_VERSION = 1.0;
				PRODUCT_BUNDLE_IDENTIFIER = com.zhizhangyi.LinkworldUITests;
				PRODUCT_NAME = "$(TARGET_NAME)";
				SWIFT_EMIT_LOC_STRINGS = NO;
				SWIFT_VERSION = 5.0;
				TARGETED_DEVICE_FAMILY = "1,2";
				TEST_TARGET_NAME = Linkworld;
			};
			name = Debug;
		};
		5A66B43B2C8848F800A00E1D /* Release */ = {
			isa = XCBuildConfiguration;
			buildSettings = {
				ALWAYS_EMBED_SWIFT_STANDARD_LIBRARIES = YES;
				CODE_SIGN_STYLE = Automatic;
				CURRENT_PROJECT_VERSION = 1;
				DEVELOPMENT_TEAM = 9N4G98DW98;
				GENERATE_INFOPLIST_FILE = YES;
				MARKETING_VERSION = 1.0;
				PRODUCT_BUNDLE_IDENTIFIER = com.zhizhangyi.LinkworldUITests;
				PRODUCT_NAME = "$(TARGET_NAME)";
				SWIFT_EMIT_LOC_STRINGS = NO;
				SWIFT_VERSION = 5.0;
				TARGETED_DEVICE_FAMILY = "1,2";
				TEST_TARGET_NAME = Linkworld;
			};
			name = Release;
		};
/* End XCBuildConfiguration section */

/* Begin XCConfigurationList section */
		5A66B40A2C8848F700A00E1D /* Build configuration list for PBXProject "Linkworld" */ = {
			isa = XCConfigurationList;
			buildConfigurations = (
				5A66B4312C8848F800A00E1D /* Debug */,
				5A66B4322C8848F800A00E1D /* Release */,
			);
			defaultConfigurationIsVisible = 0;
			defaultConfigurationName = Release;
		};
		5A66B4332C8848F800A00E1D /* Build configuration list for PBXNativeTarget "Linkworld" */ = {
			isa = XCConfigurationList;
			buildConfigurations = (
				5A66B4342C8848F800A00E1D /* Debug */,
				5A66B4352C8848F800A00E1D /* Release */,
			);
			defaultConfigurationIsVisible = 0;
			defaultConfigurationName = Release;
		};
		5A66B4362C8848F800A00E1D /* Build configuration list for PBXNativeTarget "LinkworldTests" */ = {
			isa = XCConfigurationList;
			buildConfigurations = (
				5A66B4372C8848F800A00E1D /* Debug */,
				5A66B4382C8848F800A00E1D /* Release */,
			);
			defaultConfigurationIsVisible = 0;
			defaultConfigurationName = Release;
		};
		5A66B4392C8848F800A00E1D /* Build configuration list for PBXNativeTarget "LinkworldUITests" */ = {
			isa = XCConfigurationList;
			buildConfigurations = (
				5A66B43A2C8848F800A00E1D /* Debug */,
				5A66B43B2C8848F800A00E1D /* Release */,
			);
			defaultConfigurationIsVisible = 0;
			defaultConfigurationName = Release;
		};
/* End XCConfigurationList section */
	};
	rootObject = 5A66B4072C8848F700A00E1D /* Project object */;
}
